
Microsoft Visual Studio Solution File, Format Version 12.00
# Visual Studio Version 17
VisualStudioVersion = 17.11.35312.102
MinimumVisualStudioVersion = 10.0.40219.1
Project("{FAE04EC0-301F-11D3-BF4B-00C04F79EFBC}") = "MVC_Vegetable_market", "MVC-Vegetable-market\MVC_Vegetable_market.csproj", "{63C2B905-4283-47A8-BA72-14B81249FE6E}"
EndProject
Global
	GlobalSection(SolutionConfigurationPlatforms) = preSolution
		Debug|Any CPU = Debug|Any CPU
		Release|Any CPU = Release|Any CPU
	EndGlobalSection
	GlobalSection(ProjectConfigurationPlatforms) = postSolution
		{63C2B905-4283-47A8-BA72-14B81249FE6E}.Debug|Any CPU.ActiveCfg = Debug|Any CPU
		{63C2B905-4283-47A8-BA72-14B81249FE6E}.Debug|Any CPU.Build.0 = Debug|Any CPU
		{63C2B905-4283-47A8-BA72-14B81249FE6E}.Release|Any CPU.ActiveCfg = Release|Any CPU
		{63C2B905-4283-47A8-BA72-14B81249FE6E}.Release|Any CPU.Build.0 = Release|Any CPU
	EndGlobalSection
	GlobalSection(SolutionProperties) = preSolution
		HideSolutionNode = FALSE
	EndGlobalSection
	GlobalSection(ExtensibilityGlobals) = postSolution
		SolutionGuid = {D99E7952-686A-460A-9468-23900D637C69}
	EndGlobalSection
EndGlobal
